// !$*UTF8*$!
{
	archiveVersion = 1;
	classes = {
	};
	objectVersion = 46;
	objects = {

/* Begin PBXBuildFile section */
		84DA73731BBD5B5800D4C9F9 /* AppDelegate.swift in Sources */ = {isa = PBXBuildFile; fileRef = 84DA73721BBD5B5800D4C9F9 /* AppDelegate.swift */; };
		84DA73751BBD5B5800D4C9F9 /* ViewController.swift in Sources */ = {isa = PBXBuildFile; fileRef = 84DA73741BBD5B5800D4C9F9 /* ViewController.swift */; };
		84DA73781BBD5B5800D4C9F9 /* Main.storyboard in Resources */ = {isa = PBXBuildFile; fileRef = 84DA73761BBD5B5800D4C9F9 /* Main.storyboard */; };
		84DA737A1BBD5B5800D4C9F9 /* Assets.xcassets in Resources */ = {isa = PBXBuildFile; fileRef = 84DA73791BBD5B5800D4C9F9 /* Assets.xcassets */; };
		84DA737D1BBD5B5800D4C9F9 /* LaunchScreen.storyboard in Resources */ = {isa = PBXBuildFile; fileRef = 84DA737B1BBD5B5800D4C9F9 /* LaunchScreen.storyboard */; };
/* End PBXBuildFile section */

/* Begin PBXFileReference section */
		84DA736F1BBD5B5800D4C9F9 /* attack-game.app */ = {isa = PBXFileReference; explicitFileType = wrapper.application; includeInIndex = 0; path = "attack-game.app"; sourceTree = BUILT_PRODUCTS_DIR; };
		84DA73721BBD5B5800D4C9F9 /* AppDelegate.swift */ = {isa = PBXFileReference; lastKnownFileType = sourcecode.swift; path = AppDelegate.swift; sourceTree = "<group>"; };
		84DA73741BBD5B5800D4C9F9 /* ViewController.swift */ = {isa = PBXFileReference; lastKnownFileType = sourcecode.swift; path = ViewController.swift; sourceTree = "<group>"; };
		84DA73771BBD5B5800D4C9F9 /* Base */ = {isa = PBXFileReference; lastKnownFileType = file.storyboard; name = Base; path = Base.lproj/Main.storyboard; sourceTree = "<group>"; };
		84DA73791BBD5B5800D4C9F9 /* Assets.xcassets */ = {isa = PBXFileReference; lastKnownFileType = folder.assetcatalog; path = Assets.xcassets; sourceTree = "<group>"; };
		84DA737C1BBD5B5800D4C9F9 /* Base */ = {isa = PBXFileReference; lastKnownFileType = file.storyboard; name = Base; path = Base.lproj/LaunchScreen.storyboard; sourceTree = "<group>"; };
		84DA737E1BBD5B5800D4C9F9 /* Info.plist */ = {isa = PBXFileReference; lastKnownFileType = text.plist.xml; path = Info.plist; sourceTree = "<group>"; };
/* End PBXFileReference section */

/* Begin PBXFrameworksBuildPhase section */
		84DA736C1BBD5B5800D4C9F9 /* Frameworks */ = {
			isa = PBXFrameworksBuildPhase;
			buildActionMask = 2147483647;
			files = (
			);
			runOnlyForDeploymentPostprocessing = 0;
		};
/* End PBXFrameworksBuildPhase section */

/* Begin PBXGroup section */
		84DA73661BBD5B5800D4C9F9 = {
			isa = PBXGroup;
			children = (
				84DA73711BBD5B5800D4C9F9 /* attack-game */,
				84DA73701BBD5B5800D4C9F9 /* Products */,
			);
			sourceTree = "<group>";
		};
		84DA73701BBD5B5800D4C9F9 /* Products */ = {
			isa = PBXGroup;
			children = (
				84DA736F1BBD5B5800D4C9F9 /* attack-game.app */,
			);
			name = Products;
			sourceTree = "<group>";
		};
		84DA73711BBD5B5800D4C9F9 /* attack-game */ = {
			isa = PBXGroup;
			children = (
				84DA73721BBD5B5800D4C9F9 /* AppDelegate.swift */,
				84DA73741BBD5B5800D4C9F9 /* ViewController.swift */,
				84DA73761BBD5B5800D4C9F9 /* Main.storyboard */,
				84DA73791BBD5B5800D4C9F9 /* Assets.xcassets */,
				84DA737B1BBD5B5800D4C9F9 /* LaunchScreen.storyboard */,
				84DA737E1BBD5B5800D4C9F9 /* Info.plist */,
			);
			path = "attack-game";
			sourceTree = "<group>";
		};
/* End PBXGroup section */

/* Begin PBXNativeTarget section */
		84DA736E1BBD5B5800D4C9F9 /* attack-game */ = {
			isa = PBXNativeTarget;
			buildConfigurationList = 84DA73811BBD5B5800D4C9F9 /* Build configuration list for PBXNativeTarget "attack-game" */;
			buildPhases = (
				84DA736B1BBD5B5800D4C9F9 /* Sources */,
				84DA736C1BBD5B5800D4C9F9 /* Frameworks */,
				84DA736D1BBD5B5800D4C9F9 /* Resources */,
			);
			buildRules = (
			);
			dependencies = (
			);
			name = "attack-game";
			productName = "attack-game";
			productReference = 84DA736F1BBD5B5800D4C9F9 /* attack-game.app */;
			productType = "com.apple.product-type.application";
		};
/* End PBXNativeTarget section */

/* Begin PBXProject section */
		84DA73671BBD5B5800D4C9F9 /* Project object */ = {
			isa = PBXProject;
			attributes = {
				LastUpgradeCheck = 0700;
				ORGANIZATIONNAME = Admin;
				TargetAttributes = {
					84DA736E1BBD5B5800D4C9F9 = {
						CreatedOnToolsVersion = 7.0.1;
					};
				};
			};
			buildConfigurationList = 84DA736A1BBD5B5800D4C9F9 /* Build configuration list for PBXProject "attack-game" */;
			compatibilityVersion = "Xcode 3.2";
			developmentRegion = English;
			hasScannedForEncodings = 0;
			knownRegions = (
				en,
				Base,
			);
			mainGroup = 84DA73661BBD5B5800D4C9F9;
			productRefGroup = 84DA73701BBD5B5800D4C9F9 /* Products */;
			projectDirPath = "";
			projectRoot = "";
			targets = (
				84DA736E1BBD5B5800D4C9F9 /* attack-game */,
			);
		};
/* End PBXProject section */

/* Begin PBXResourcesBuildPhase section */
		84DA736D1BBD5B5800D4C9F9 /* Resources */ = {
			isa = PBXResourcesBuildPhase;
			buildActionMask = 2147483647;
			files = (
				84DA737D1BBD5B5800D4C9F9 /* LaunchScreen.storyboard in Resources */,
				84DA737A1BBD5B5800D4C9F9 /* Assets.xcassets in Resources */,
				84DA73781BBD5B5800D4C9F9 /* Main.storyboard in Resources */,
			);
			runOnlyForDeploymentPostprocessing = 0;
		};
/* End PBXResourcesBuildPhase section */

/* Begin PBXSourcesBuildPhase section */
		84DA736B1BBD5B5800D4C9F9 /* Sources */ = {
			isa = PBXSourcesBuildPhase;
			buildActionMask = 2147483647;
			files = (
				84DA73751BBD5B5800D4C9F9 /* ViewController.swift in Sources */,
				84DA73731BBD5B5800D4C9F9 /* AppDelegate.swift in Sources */,
			);
			runOnlyForDeploymentPostprocessing = 0;
		};
/* End PBXSourcesBuildPhase section */

/* Begin PBXVariantGroup section */
		84DA73761BBD5B5800D4C9F9 /* Main.storyboard */ = {
			isa = PBXVariantGroup;
			children = (
				84DA73771BBD5B5800D4C9F9 /* Base */,
			);
			name = Main.storyboard;
			sourceTree = "<group>";
		};
		84DA737B1BBD5B5800D4C9F9 /* LaunchScreen.storyboard */ = {
			isa = PBXVariantGroup;
			children = (
				84DA737C1BBD5B5800D4C9F9 /* Base */,
			);
			name = LaunchScreen.storyboard;
			sourceTree = "<group>";
		};
/* End PBXVariantGroup section */

/* Begin XCBuildConfiguration section */
		84DA737F1BBD5B5800D4C9F9 /* Debug */ = {
			isa = XCBuildConfiguration;
			buildSettings = {
				ALWAYS_SEARCH_USER_PATHS = NO;
				CLANG_CXX_LANGUAGE_STANDARD = "gnu++0x";
				CLANG_CXX_LIBRARY = "libc++";
				CLANG_ENABLE_MODULES = YES;
				CLANG_ENABLE_OBJC_ARC = YES;
				CLANG_WARN_BOOL_CONVERSION = YES;
				CLANG_WARN_CONSTANT_CONVERSION = YES;
				CLANG_WARN_DIRECT_OBJC_ISA_USAGE = YES_ERROR;
				CLANG_WARN_EMPTY_BODY = YES;
				CLANG_WARN_ENUM_CONVERSION = YES;
				CLANG_WARN_INT_CONVERSION = YES;
				CLANG_WARN_OBJC_ROOT_CLASS = YES_ERROR;
				CLANG_WARN_UNREACHABLE_CODE = YES;
				CLANG_WARN__DUPLICATE_METHOD_MATCH = YES;
				"CODE_SIGN_IDENTITY[sdk=iphoneos*]" = "iPhone Developer";
				COPY_PHASE_STRIP = NO;
				DEBUG_INFORMATION_FORMAT = dwarf;
				ENABLE_STRICT_OBJC_MSGSEND = YES;
				ENABLE_TESTABILITY = YES;
				GCC_C_LANGUAGE_STANDARD = gnu99;
				GCC_DYNAMIC_NO_PIC = NO;
				GCC_NO_COMMON_BLOCKS = YES;
				GCC_OPTIMIZATION_LEVEL = 0;
				GCC_PREPROCESSOR_DEFINITIONS = (
					"DEBUG=1",
					"$(inherited)",
				);
				GCC_WARN_64_TO_32_BIT_CONVERSION = YES;
				GCC_WARN_ABOUT_RETURN_TYPE = YES_ERROR;
				GCC_WARN_UNDECLARED_SELECTOR = YES;
				GCC_WARN_UNINITIALIZED_AUTOS = YES_AGGRESSIVE;
				GCC_WARN_UNUSED_FUNCTION = YES;
				GCC_WARN_UNUSED_VARIABLE = YES;
				IPHONEOS_DEPLOYMENT_TARGET = 9.0;
				MTL_ENABLE_DEBUG_INFO = YES;
				ONLY_ACTIVE_ARCH = YES;
				SDKROOT = iphoneos;
				SWIFT_OPTIMIZATION_LEVEL = "-Onone";
				TARGETED_DEVICE_FAMILY = "1,2";
			};
			name = Debug;
		};
		84DA73801BBD5B5800D4C9F9 /* Release */ = {
			isa = XCBuildConfiguration;
			buildSettings = {
				ALWAYS_SEARCH_USER_PATHS = NO;
				CLANG_CXX_LANGUAGE_STANDARD = "gnu++0x";
				CLANG_CXX_LIBRARY = "libc++";
				CLANG_ENABLE_MODULES = YES;
				CLANG_ENABLE_OBJC_ARC = YES;
				CLANG_WARN_BOOL_CONVERSION = YES;
				CLANG_WARN_CONSTANT_CONVERSION = YES;
				CLANG_WARN_DIRECT_OBJC_ISA_USAGE = YES_ERROR;
				CLANG_WARN_EMPTY_BODY = YES;
				CLANG_WARN_ENUM_CONVERSION = YES;
				CLANG_WARN_INT_CONVERSION = YES;
				CLANG_WARN_OBJC_ROOT_CLASS = YES_ERROR;
				CLANG_WARN_UNREACHABLE_CODE = YES;
				CLANG_WARN__DUPLICATE_METHOD_MATCH = YES;
				"CODE_SIGN_IDENTITY[sdk=iphoneos*]" = "iPhone Developer";
				COPY_PHASE_STRIP = NO;
				DEBUG_INFORMATION_FORMAT = "dwarf-with-dsym";
				ENABLE_NS_ASSERTIONS = NO;
				ENABLE_STRICT_OBJC_MSGSEND = YES;
				GCC_C_LANGUAGE_STANDARD = gnu99;
				GCC_NO_COMMON_BLOCKS = YES;
				GCC_WARN_64_TO_32_BIT_CONVERSION = YES;
				GCC_WARN_ABOUT_RETURN_TYPE = YES_ERROR;
				GCC_WARN_UNDECLARED_SELECTOR = YES;
				GCC_WARN_UNINITIALIZED_AUTOS = YES_AGGRESSIVE;
				GCC_WARN_UNUSED_FUNCTION = YES;
				GCC_WARN_UNUSED_VARIABLE = YES;
				IPHONEOS_DEPLOYMENT_TARGET = 9.0;
				MTL_ENABLE_DEBUG_INFO = NO;
				SDKROOT = iphoneos;
				TARGETED_DEVICE_FAMILY = "1,2";
				VALIDATE_PRODUCT = YES;
			};
			name = Release;
		};
		84DA73821BBD5B5800D4C9F9 /* Debug */ = {
			isa = XCBuildConfiguration;
			buildSettings = {
				ASSETCATALOG_COMPILER_APPICON_NAME = AppIcon;
				INFOPLIST_FILE = "attack-game/Info.plist";
				LD_RUNPATH_SEARCH_PATHS = "$(inherited) @executable_path/Frameworks";
				PRODUCT_BUNDLE_IDENTIFIER = "com.romanrudyak.attack-game";
				PRODUCT_NAME = "$(TARGET_NAME)";
			};
			name = Debug;
		};
		84DA73831BBD5B5800D4C9F9 /* Release */ = {
			isa = XCBuildConfiguration;
			buildSettings = {
				ASSETCATALOG_COMPILER_APPICON_NAME = AppIcon;
				INFOPLIST_FILE = "attack-game/Info.plist";
				LD_RUNPATH_SEARCH_PATHS = "$(inherited) @executable_path/Frameworks";
				PRODUCT_BUNDLE_IDENTIFIER = "com.romanrudyak.attack-game";
				PRODUCT_NAME = "$(TARGET_NAME)";
			};
			name = Release;
		};
/* End XCBuildConfiguration section */

/* Begin XCConfigurationList section */
		84DA736A1BBD5B5800D4C9F9 /* Build configuration list for PBXProject "attack-game" */ = {
			isa = XCConfigurationList;
			buildConfigurations = (
				84DA737F1BBD5B5800D4C9F9 /* Debug */,
				84DA73801BBD5B5800D4C9F9 /* Release */,
			);
			defaultConfigurationIsVisible = 0;
			defaultConfigurationName = Release;
		};
		84DA73811BBD5B5800D4C9F9 /* Build configuration list for PBXNativeTarget "attack-game" */ = {
			isa = XCConfigurationList;
			buildConfigurations = (
				84DA73821BBD5B5800D4C9F9 /* Debug */,
				84DA73831BBD5B5800D4C9F9 /* Release */,
			);
			defaultConfigurationIsVisible = 0;
		};
/* End XCConfigurationList section */
	};
	rootObject = 84DA73671BBD5B5800D4C9F9 /* Project object */;
}
